
Microsoft Visual Studio Solution File, Format Version 12.00
# Visual Studio 2013
VisualStudioVersion = 12.0.30723.0
MinimumVisualStudioVersion = 10.0.40219.1
Project("{8BC9CEB8-8B4A-11D0-8D11-00A0C91BC942}") = "Opengl_tutorial", "Opengl_tutorial.vcxproj", "{474C4236-4D33-49DA-BB16-B9FC7F4BF44A}"
EndProject
Global
	GlobalSection(SolutionConfigurationPlatforms) = preSolution
		Debug|Win32 = Debug|Win32
		Release|Win32 = Release|Win32
	EndGlobalSection
	GlobalSection(ProjectConfigurationPlatforms) = postSolution
		{474C4236-4D33-49DA-BB16-B9FC7F4BF44A}.Debug|Win32.ActiveCfg = Debug|Win32
		{474C4236-4D33-49DA-BB16-B9FC7F4BF44A}.Debug|Win32.Build.0 = Debug|Win32
		{474C4236-4D33-49DA-BB16-B9FC7F4BF44A}.Release|Win32.ActiveCfg = Release|Win32
		{474C4236-4D33-49DA-BB16-B9FC7F4BF44A}.Release|Win32.Build.0 = Release|Win32
	EndGlobalSection
	GlobalSection(SolutionProperties) = preSolution
		HideSolutionNode = FALSE
	EndGlobalSection
EndGlobal
